{
  "name": "dns-updater",
  "version": "1.0.0",
  "lockfileVersion": 2,
  "requires": true,
  "packages": {
    "": {
      "version": "1.0.0",
      "license": "MIT",
      "dependencies": {
        "@humanwhocodes/env": "^2.1.2",
        "dnsimple": "^4.3.0",
        "dotenv": "^8.2.0",
        "node-fetch": "^2.6.1"
      }
    },
    "node_modules/@humanwhocodes/env": {
      "version": "2.1.2",
      "resolved": "https://registry.npmjs.org/@humanwhocodes/env/-/env-2.1.2.tgz",
      "integrity": "sha512-inegXjn1dG5QvQkWY45nw86BPCcB5gakH6AM1tIhVJmivhdYsvdcmCcLuAKY5/x5zwqkC0fkOFRym2KliIAWYQ==",
      "funding": {
        "type": "github",
        "url": "https://github.com/sponsors/nzakas"
      }
    },
    "node_modules/dnsimple": {
      "version": "4.3.0",
      "resolved": "https://registry.npmjs.org/dnsimple/-/dnsimple-4.3.0.tgz",
      "integrity": "sha512-g/fb4Ui5g+LDXaZNgASRGdP2HsNJdo303IVk952V5UI++qzvh1xDA1Fx4U37xpFPaBebtqKnN3kmGqmPq6bn8g==",
      "engines": {
        "node": ">= v10.0.0"
      }
    },
    "node_modules/dotenv": {
      "version": "8.2.0",
      "resolved": "https://registry.npmjs.org/dotenv/-/dotenv-8.2.0.tgz",
      "integrity": "sha512-8sJ78ElpbDJBHNeBzUbUVLsqKdccaa/BXF1uPTw3GrvQTBgrQrtObr2mUrE38vzYd8cEv+m/JBfDLioYcfXoaw==",
      "engines": {
        "node": ">=8"
      }
    },
    "node_modules/node-fetch": {
      "version": "2.6.1",
      "resolved": "https://registry.npmjs.org/node-fetch/-/node-fetch-2.6.1.tgz",
      "integrity": "sha512-V4aYg89jEoVRxRb2fJdAg8FHvI7cEyYdVAh94HH0UIK8oJxUfkjlDQN9RbMx+bEjP7+ggMiFRprSti032Oipxw==",
      "engines": {
        "node": "4.x || >=6.0.0"
      }
    }
  },
  "dependencies": {
    "@humanwhocodes/env": {
      "version": "2.1.2",
      "resolved": "https://registry.npmjs.org/@humanwhocodes/env/-/env-2.1.2.tgz",
      "integrity": "sha512-inegXjn1dG5QvQkWY45nw86BPCcB5gakH6AM1tIhVJmivhdYsvdcmCcLuAKY5/x5zwqkC0fkOFRym2KliIAWYQ=="
    },
    "dnsimple": {
      "version": "4.3.0",
      "resolved": "https://registry.npmjs.org/dnsimple/-/dnsimple-4.3.0.tgz",
      "integrity": "sha512-g/fb4Ui5g+LDXaZNgASRGdP2HsNJdo303IVk952V5UI++qzvh1xDA1Fx4U37xpFPaBebtqKnN3kmGqmPq6bn8g=="
    },
    "dotenv": {
      "version": "8.2.0",
      "resolved": "https://registry.npmjs.org/dotenv/-/dotenv-8.2.0.tgz",
      "integrity": "sha512-8sJ78ElpbDJBHNeBzUbUVLsqKdccaa/BXF1uPTw3GrvQTBgrQrtObr2mUrE38vzYd8cEv+m/JBfDLioYcfXoaw=="
    },
    "node-fetch": {
      "version": "2.6.1",
      "resolved": "https://registry.npmjs.org/node-fetch/-/node-fetch-2.6.1.tgz",
      "integrity": "sha512-V4aYg89jEoVRxRb2fJdAg8FHvI7cEyYdVAh94HH0UIK8oJxUfkjlDQN9RbMx+bEjP7+ggMiFRprSti032Oipxw=="
    }
  }
}
